
Microsoft Visual Studio Solution File, Format Version 12.00
# Visual Studio Version 17
VisualStudioVersion = 17.12.35707.178 d17.12
MinimumVisualStudioVersion = 10.0.40219.1
Project("{FAE04EC0-301F-11D3-BF4B-00C04F79EFBC}") = "H.Samples.Applications.Default", "..\Source\Samples\H.Samples.Applications.Default\H.Samples.Applications.Default.csproj", "{62574D47-0E2E-428C-9D4D-475415783AF4}"
EndProject
Project("{2150E333-8FDC-42A3-9474-1A3956D46DE8}") = "1 - Samples", "1 - Samples", "{0A923306-A9C8-410C-A094-BF214A9A33D7}"
EndProject
Project("{2150E333-8FDC-42A3-9474-1A3956D46DE8}") = ".sln", ".sln", "{6C229E98-5F95-4506-862B-8ABD6AABA6B7}"
	ProjectSection(SolutionItems) = preProject
		..\.editorconfig = ..\.editorconfig
		..\Directory.Build.Props = ..\Directory.Build.Props
		..\README.md = ..\README.md
		..\settings.xamlstyler = ..\settings.xamlstyler
	EndProjectSection
EndProject
Global
	GlobalSection(SolutionConfigurationPlatforms) = preSolution
		Debug|Any CPU = Debug|Any CPU
		Release|Any CPU = Release|Any CPU
	EndGlobalSection
	GlobalSection(ProjectConfigurationPlatforms) = postSolution
		{62574D47-0E2E-428C-9D4D-475415783AF4}.Debug|Any CPU.ActiveCfg = Debug|Any CPU
		{62574D47-0E2E-428C-9D4D-475415783AF4}.Debug|Any CPU.Build.0 = Debug|Any CPU
		{62574D47-0E2E-428C-9D4D-475415783AF4}.Release|Any CPU.ActiveCfg = Release|Any CPU
		{62574D47-0E2E-428C-9D4D-475415783AF4}.Release|Any CPU.Build.0 = Release|Any CPU
	EndGlobalSection
	GlobalSection(SolutionProperties) = preSolution
		HideSolutionNode = FALSE
	EndGlobalSection
	GlobalSection(NestedProjects) = preSolution
		{62574D47-0E2E-428C-9D4D-475415783AF4} = {0A923306-A9C8-410C-A094-BF214A9A33D7}
	EndGlobalSection
EndGlobal
